
Microsoft Visual Studio Solution File, Format Version 12.00
# Visual Studio Version 16
VisualStudioVersion = 16.0.30011.22
MinimumVisualStudioVersion = 10.0.40219.1
Project("{FAE04EC0-301F-11D3-BF4B-00C04F79EFBC}") = "TrackSmoother", "TrackSmoother\TrackSmoother.csproj", "{CC82D662-6DF7-4B32-BE6E-16AA291AED70}"
EndProject
Global
	GlobalSection(SolutionConfigurationPlatforms) = preSolution
		Debug|Any CPU = Debug|Any CPU
		Release|Any CPU = Release|Any CPU
	EndGlobalSection
	GlobalSection(ProjectConfigurationPlatforms) = postSolution
		{CC82D662-6DF7-4B32-BE6E-16AA291AED70}.Debug|Any CPU.ActiveCfg = Debug|Any CPU
		{CC82D662-6DF7-4B32-BE6E-16AA291AED70}.Debug|Any CPU.Build.0 = Debug|Any CPU
		{CC82D662-6DF7-4B32-BE6E-16AA291AED70}.Release|Any CPU.ActiveCfg = Release|Any CPU
		{CC82D662-6DF7-4B32-BE6E-16AA291AED70}.Release|Any CPU.Build.0 = Release|Any CPU
	EndGlobalSection
	GlobalSection(SolutionProperties) = preSolution
		HideSolutionNode = FALSE
	EndGlobalSection
	GlobalSection(ExtensibilityGlobals) = postSolution
		SolutionGuid = {75E903DB-554D-4DE2-90CA-B050C9C16ECF}
	EndGlobalSection
EndGlobal
